
Microsoft Visual Studio Solution File, Format Version 12.00
# Visual Studio Version 17
VisualStudioVersion = 17.11.35312.102
MinimumVisualStudioVersion = 10.0.40219.1
Project("{FAE04EC0-301F-11D3-BF4B-00C04F79EFBC}") = "basicsOOP", "basicsOOP.csproj", "{5532A7B6-EA37-4683-B431-903ECF534C2B}"
EndProject
Global
	GlobalSection(SolutionConfigurationPlatforms) = preSolution
		Debug|Any CPU = Debug|Any CPU
		Release|Any CPU = Release|Any CPU
	EndGlobalSection
	GlobalSection(ProjectConfigurationPlatforms) = postSolution
		{5532A7B6-EA37-4683-B431-903ECF534C2B}.Debug|Any CPU.ActiveCfg = Debug|Any CPU
		{5532A7B6-EA37-4683-B431-903ECF534C2B}.Debug|Any CPU.Build.0 = Debug|Any CPU
		{5532A7B6-EA37-4683-B431-903ECF534C2B}.Release|Any CPU.ActiveCfg = Release|Any CPU
		{5532A7B6-EA37-4683-B431-903ECF534C2B}.Release|Any CPU.Build.0 = Release|Any CPU
	EndGlobalSection
	GlobalSection(SolutionProperties) = preSolution
		HideSolutionNode = FALSE
	EndGlobalSection
	GlobalSection(ExtensibilityGlobals) = postSolution
		SolutionGuid = {846C73F0-2419-489B-B0F9-C64956F215F0}
	EndGlobalSection
EndGlobal
